
Microsoft Visual Studio Solution File, Format Version 12.00
# Visual Studio 15
VisualStudioVersion = 15.0.27428.2015
MinimumVisualStudioVersion = 10.0.40219.1
Project("{9A19103F-16F7-4668-BE54-9A1E7A4F7556}") = "WeatherCal.UserMgmt", "WeatherCal.UserMgmt\WeatherCal.UserMgmt.csproj", "{18E39D5C-3CF6-44FE-8F4B-7C709C696ADE}"
EndProject
Project("{FAE04EC0-301F-11D3-BF4B-00C04F79EFBC}") = "WeatherCal.Contracts", "WeatherCal.Contracts\WeatherCal.Contracts.csproj", "{FBB86231-1C04-4766-BD94-28768F814726}"
EndProject
Global
	GlobalSection(SolutionConfigurationPlatforms) = preSolution
		Debug|Any CPU = Debug|Any CPU
		Release|Any CPU = Release|Any CPU
	EndGlobalSection
	GlobalSection(ProjectConfigurationPlatforms) = postSolution
		{18E39D5C-3CF6-44FE-8F4B-7C709C696ADE}.Debug|Any CPU.ActiveCfg = Debug|Any CPU
		{18E39D5C-3CF6-44FE-8F4B-7C709C696ADE}.Debug|Any CPU.Build.0 = Debug|Any CPU
		{18E39D5C-3CF6-44FE-8F4B-7C709C696ADE}.Release|Any CPU.ActiveCfg = Release|Any CPU
		{18E39D5C-3CF6-44FE-8F4B-7C709C696ADE}.Release|Any CPU.Build.0 = Release|Any CPU
		{FBB86231-1C04-4766-BD94-28768F814726}.Debug|Any CPU.ActiveCfg = Debug|Any CPU
		{FBB86231-1C04-4766-BD94-28768F814726}.Debug|Any CPU.Build.0 = Debug|Any CPU
		{FBB86231-1C04-4766-BD94-28768F814726}.Release|Any CPU.ActiveCfg = Release|Any CPU
		{FBB86231-1C04-4766-BD94-28768F814726}.Release|Any CPU.Build.0 = Release|Any CPU
	EndGlobalSection
	GlobalSection(SolutionProperties) = preSolution
		HideSolutionNode = FALSE
	EndGlobalSection
	GlobalSection(ExtensibilityGlobals) = postSolution
		SolutionGuid = {E3762A3F-3348-4628-94DE-748A1C4FE929}
	EndGlobalSection
EndGlobal
