Microsoft Visual Studio Solution File, Format Version 12.00
# Visual Studio 15
VisualStudioVersion = 15.0.27428.2015
MinimumVisualStudioVersion = 10.0.40219.1
Project("{9A19103F-16F7-4668-BE54-9A1E7A4F7556}") = "WeatherCal.Functions", "WeatherCal.Functions.csproj", "{5587A76D-A36E-4B88-993F-9B8F1695FF25}"
EndProject
Global
	GlobalSection(SolutionConfigurationPlatforms) = preSolution
		Debug|Any CPU = Debug|Any CPU
		Dev|Any CPU = Dev|Any CPU
		Release|Any CPU = Release|Any CPU
		Staging|Any CPU = Staging|Any CPU
	EndGlobalSection
	GlobalSection(ProjectConfigurationPlatforms) = postSolution
		{5587A76D-A36E-4B88-993F-9B8F1695FF25}.Debug|Any CPU.ActiveCfg = Debug|Any CPU
		{5587A76D-A36E-4B88-993F-9B8F1695FF25}.Debug|Any CPU.Build.0 = Debug|Any CPU
		{5587A76D-A36E-4B88-993F-9B8F1695FF25}.Dev|Any CPU.ActiveCfg = Debug|Any CPU
		{5587A76D-A36E-4B88-993F-9B8F1695FF25}.Dev|Any CPU.Build.0 = Debug|Any CPU
		{5587A76D-A36E-4B88-993F-9B8F1695FF25}.Release|Any CPU.ActiveCfg = Release|Any CPU
		{5587A76D-A36E-4B88-993F-9B8F1695FF25}.Release|Any CPU.Build.0 = Release|Any CPU
		{5587A76D-A36E-4B88-993F-9B8F1695FF25}.Staging|Any CPU.ActiveCfg = Release|Any CPU
		{5587A76D-A36E-4B88-993F-9B8F1695FF25}.Staging|Any CPU.Build.0 = Release|Any CPU
	EndGlobalSection
	GlobalSection(SolutionProperties) = preSolution
		HideSolutionNode = FALSE
	EndGlobalSection
	GlobalSection(ExtensibilityGlobals) = postSolution
		SolutionGuid = {E2BA9465-4A06-4B1A-ACA2-F809964E91B0}
	EndGlobalSection
EndGlobal
