
Microsoft Visual Studio Solution File, Format Version 12.00
# Visual Studio 2012
Project("{FAE04EC0-301F-11D3-BF4B-00C04F79EFBC}") = "WeatherCal.Functions", "WeatherCal.Functions.csproj", "{5587A76D-A36E-4B88-993F-9B8F1695FF25}"
EndProject
Global
	GlobalSection(SolutionConfigurationPlatforms) = preSolution
		Debug|Any CPU = Debug|Any CPU
		Release|Any CPU = Release|Any CPU
	EndGlobalSection
	GlobalSection(ProjectConfigurationPlatforms) = postSolution
		{5587A76D-A36E-4B88-993F-9B8F1695FF25}.Debug|Any CPU.ActiveCfg = Debug|Any CPU
		{5587A76D-A36E-4B88-993F-9B8F1695FF25}.Debug|Any CPU.Build.0 = Debug|Any CPU
		{5587A76D-A36E-4B88-993F-9B8F1695FF25}.Release|Any CPU.ActiveCfg = Release|Any CPU
		{5587A76D-A36E-4B88-993F-9B8F1695FF25}.Release|Any CPU.Build.0 = Release|Any CPU
	EndGlobalSection
EndGlobal
